
Microsoft Visual Studio Solution File, Format Version 12.00
# Visual Studio Version 17
VisualStudioVersion = 17.14.36109.1 d17.14
MinimumVisualStudioVersion = 10.0.40219.1
Project("{FAE04EC0-301F-11D3-BF4B-00C04F79EFBC}") = "IgoraSoftware", "IgoraSoftware\IgoraSoftware.csproj", "{F3861F85-6DF1-4966-AE48-4AB0F34B88E4}"
EndProject
Global
	GlobalSection(SolutionConfigurationPlatforms) = preSolution
		Debug|Any CPU = Debug|Any CPU
		Release|Any CPU = Release|Any CPU
	EndGlobalSection
	GlobalSection(ProjectConfigurationPlatforms) = postSolution
		{F3861F85-6DF1-4966-AE48-4AB0F34B88E4}.Debug|Any CPU.ActiveCfg = Debug|Any CPU
		{F3861F85-6DF1-4966-AE48-4AB0F34B88E4}.Debug|Any CPU.Build.0 = Debug|Any CPU
		{F3861F85-6DF1-4966-AE48-4AB0F34B88E4}.Release|Any CPU.ActiveCfg = Release|Any CPU
		{F3861F85-6DF1-4966-AE48-4AB0F34B88E4}.Release|Any CPU.Build.0 = Release|Any CPU
	EndGlobalSection
	GlobalSection(SolutionProperties) = preSolution
		HideSolutionNode = FALSE
	EndGlobalSection
	GlobalSection(ExtensibilityGlobals) = postSolution
		SolutionGuid = {DBE0E21F-11CC-4107-A5F0-6B649878979C}
	EndGlobalSection
EndGlobal
